{
  "requires": true,
  "lockfileVersion": 1,
  "dependencies": {
    "mdbootstrap": {
      "version": "4.5.12",
      "resolved": "https://registry.npmjs.org/mdbootstrap/-/mdbootstrap-4.5.12.tgz",
      "integrity": "sha512-IwRUWYdoEjZhgJ4wLZPqmni2o0wMmtOtAxTXsctDhozFCjaZqlReYChXSq6dqt42cD3lIBGtUwW2B3gYZyPLMg=="
    }
  }
}
